
Microsoft Visual Studio Solution File, Format Version 12.00
# Visual Studio 15
VisualStudioVersion = 15.0.28307.572
MinimumVisualStudioVersion = 10.0.40219.1
Project("{FAE04EC0-301F-11D3-BF4B-00C04F79EFBC}") = "StudentsApp", "StudentsApp\StudentsApp.csproj", "{8C62EB63-7366-4168-909B-48F4093AB26D}"
EndProject
Project("{FAE04EC0-301F-11D3-BF4B-00C04F79EFBC}") = "StudentsApp.Tests", "StudentsApp.Tests\StudentsApp.Tests.csproj", "{30602671-793D-42D5-A70E-0E556E479DCD}"
EndProject
Project("{FAE04EC0-301F-11D3-BF4B-00C04F79EFBC}") = "TaskProject", "TaskProject\TaskProject.csproj", "{A2063083-0FC2-47EB-8950-C48EE5DBFBE2}"
EndProject
Global
	GlobalSection(SolutionConfigurationPlatforms) = preSolution
		Debug|Any CPU = Debug|Any CPU
		Release|Any CPU = Release|Any CPU
	EndGlobalSection
	GlobalSection(ProjectConfigurationPlatforms) = postSolution
		{8C62EB63-7366-4168-909B-48F4093AB26D}.Debug|Any CPU.ActiveCfg = Debug|Any CPU
		{8C62EB63-7366-4168-909B-48F4093AB26D}.Debug|Any CPU.Build.0 = Debug|Any CPU
		{8C62EB63-7366-4168-909B-48F4093AB26D}.Release|Any CPU.ActiveCfg = Release|Any CPU
		{8C62EB63-7366-4168-909B-48F4093AB26D}.Release|Any CPU.Build.0 = Release|Any CPU
		{30602671-793D-42D5-A70E-0E556E479DCD}.Debug|Any CPU.ActiveCfg = Debug|Any CPU
		{30602671-793D-42D5-A70E-0E556E479DCD}.Debug|Any CPU.Build.0 = Debug|Any CPU
		{30602671-793D-42D5-A70E-0E556E479DCD}.Release|Any CPU.ActiveCfg = Release|Any CPU
		{30602671-793D-42D5-A70E-0E556E479DCD}.Release|Any CPU.Build.0 = Release|Any CPU
		{A2063083-0FC2-47EB-8950-C48EE5DBFBE2}.Debug|Any CPU.ActiveCfg = Debug|Any CPU
		{A2063083-0FC2-47EB-8950-C48EE5DBFBE2}.Debug|Any CPU.Build.0 = Debug|Any CPU
		{A2063083-0FC2-47EB-8950-C48EE5DBFBE2}.Release|Any CPU.ActiveCfg = Release|Any CPU
		{A2063083-0FC2-47EB-8950-C48EE5DBFBE2}.Release|Any CPU.Build.0 = Release|Any CPU
	EndGlobalSection
	GlobalSection(SolutionProperties) = preSolution
		HideSolutionNode = FALSE
	EndGlobalSection
	GlobalSection(ExtensibilityGlobals) = postSolution
		SolutionGuid = {395F4B71-221D-4D50-8C4F-264C35351B2F}
	EndGlobalSection
EndGlobal
